# This file is automatically @generated by Cargo.
# It is not intended for manual editing.
[[package]]
name = "cargo-snippet"
version = "0.2.8"
source = "registry+https://github.com/rust-lang/crates.io-index"

[[package]]
name = "snippets"
version = "0.1.0"
dependencies = [
 "cargo-snippet 0.2.8 (registry+https://github.com/rust-lang/crates.io-index)",
]

[metadata]
"checksum cargo-snippet 0.2.8 (registry+https://github.com/rust-lang/crates.io-index)" = "281cecba5544613ae3f76f2cc47562e09399c3145170d9cd38d82401f45131d5"
